// !$*UTF8*$!
{
	archiveVersion = 1;
	classes = {
	};
	objectVersion = 48;
	objects = {

/* Begin PBXBuildFile section */
		D8DC8ED41F43A01500A8EC06 /* AlamofireHelper.h in Headers */ = {isa = PBXBuildFile; fileRef = D8DC8ED21F43A01500A8EC06 /* AlamofireHelper.h */; settings = {ATTRIBUTES = (Public, ); }; };
		D8DC8EE11F43A14F00A8EC06 /* ResponseRequester.swift in Headers */ = {isa = PBXBuildFile; fileRef = D8DC8EE01F43A14F00A8EC06 /* ResponseRequester.swift */; };
		D8DC8EE21F43A14F00A8EC06 /* AlamofireHelper.swift in Headers */ = {isa = PBXBuildFile; fileRef = D8DC8EDF1F43A14F00A8EC06 /* AlamofireHelper.swift */; };
		D8DC8EE31F43A14F00A8EC06 /* RequestHelper.swift in Headers */ = {isa = PBXBuildFile; fileRef = D8DC8EDD1F43A14F00A8EC06 /* RequestHelper.swift */; };
		D8DC8EE51F43A14F00A8EC06 /* Result.swift in Headers */ = {isa = PBXBuildFile; fileRef = D8DC8EDE1F43A14F00A8EC06 /* Result.swift */; };
/* End PBXBuildFile section */

/* Begin PBXFileReference section */
		D8DC8ECF1F43A01500A8EC06 /* AlamofireHelper.framework */ = {isa = PBXFileReference; explicitFileType = wrapper.framework; includeInIndex = 0; path = AlamofireHelper.framework; sourceTree = BUILT_PRODUCTS_DIR; };
		D8DC8ED21F43A01500A8EC06 /* AlamofireHelper.h */ = {isa = PBXFileReference; lastKnownFileType = sourcecode.c.h; path = AlamofireHelper.h; sourceTree = "<group>"; };
		D8DC8ED31F43A01500A8EC06 /* Info.plist */ = {isa = PBXFileReference; lastKnownFileType = text.plist.xml; path = Info.plist; sourceTree = "<group>"; };
		D8DC8EDD1F43A14F00A8EC06 /* RequestHelper.swift */ = {isa = PBXFileReference; lastKnownFileType = sourcecode.swift; path = RequestHelper.swift; sourceTree = "<group>"; };
		D8DC8EDE1F43A14F00A8EC06 /* Result.swift */ = {isa = PBXFileReference; lastKnownFileType = sourcecode.swift; path = Result.swift; sourceTree = "<group>"; };
		D8DC8EDF1F43A14F00A8EC06 /* AlamofireHelper.swift */ = {isa = PBXFileReference; lastKnownFileType = sourcecode.swift; path = AlamofireHelper.swift; sourceTree = "<group>"; };
		D8DC8EE01F43A14F00A8EC06 /* ResponseRequester.swift */ = {isa = PBXFileReference; lastKnownFileType = sourcecode.swift; path = ResponseRequester.swift; sourceTree = "<group>"; };
/* End PBXFileReference section */

/* Begin PBXFrameworksBuildPhase section */
		D8DC8ECB1F43A01500A8EC06 /* Frameworks */ = {
			isa = PBXFrameworksBuildPhase;
			buildActionMask = 2147483647;
			files = (
			);
			runOnlyForDeploymentPostprocessing = 0;
		};
/* End PBXFrameworksBuildPhase section */

/* Begin PBXGroup section */
		D8DC8EC51F43A01500A8EC06 = {
			isa = PBXGroup;
			children = (
				D8DC8ED11F43A01500A8EC06 /* AlamofireHelper */,
				D8DC8ED01F43A01500A8EC06 /* Products */,
			);
			sourceTree = "<group>";
		};
		D8DC8ED01F43A01500A8EC06 /* Products */ = {
			isa = PBXGroup;
			children = (
				D8DC8ECF1F43A01500A8EC06 /* AlamofireHelper.framework */,
			);
			name = Products;
			sourceTree = "<group>";
		};
		D8DC8ED11F43A01500A8EC06 /* AlamofireHelper */ = {
			isa = PBXGroup;
			children = (
				D8DC8ED21F43A01500A8EC06 /* AlamofireHelper.h */,
				D8DC8EDF1F43A14F00A8EC06 /* AlamofireHelper.swift */,
				D8DC8EDD1F43A14F00A8EC06 /* RequestHelper.swift */,
				D8DC8EE01F43A14F00A8EC06 /* ResponseRequester.swift */,
				D8DC8EDE1F43A14F00A8EC06 /* Result.swift */,
				D8DC8ED31F43A01500A8EC06 /* Info.plist */,
			);
			path = AlamofireHelper;
			sourceTree = "<group>";
		};
/* End PBXGroup section */

/* Begin PBXHeadersBuildPhase section */
		D8DC8ECC1F43A01500A8EC06 /* Headers */ = {
			isa = PBXHeadersBuildPhase;
			buildActionMask = 2147483647;
			files = (
				D8DC8EE51F43A14F00A8EC06 /* Result.swift in Headers */,
				D8DC8EE21F43A14F00A8EC06 /* AlamofireHelper.swift in Headers */,
				D8DC8EE31F43A14F00A8EC06 /* RequestHelper.swift in Headers */,
				D8DC8EE11F43A14F00A8EC06 /* ResponseRequester.swift in Headers */,
				D8DC8ED41F43A01500A8EC06 /* AlamofireHelper.h in Headers */,
			);
			runOnlyForDeploymentPostprocessing = 0;
		};
/* End PBXHeadersBuildPhase section */

/* Begin PBXNativeTarget section */
		D8DC8ECE1F43A01500A8EC06 /* AlamofireHelper */ = {
			isa = PBXNativeTarget;
			buildConfigurationList = D8DC8ED71F43A01500A8EC06 /* Build configuration list for PBXNativeTarget "AlamofireHelper" */;
			buildPhases = (
				D8DC8ECA1F43A01500A8EC06 /* Sources */,
				D8DC8ECB1F43A01500A8EC06 /* Frameworks */,
				D8DC8ECC1F43A01500A8EC06 /* Headers */,
				D8DC8ECD1F43A01500A8EC06 /* Resources */,
			);
			buildRules = (
			);
			dependencies = (
			);
			name = AlamofireHelper;
			productName = AlamofireHelper;
			productReference = D8DC8ECF1F43A01500A8EC06 /* AlamofireHelper.framework */;
			productType = "com.apple.product-type.framework";
		};
/* End PBXNativeTarget section */

/* Begin PBXProject section */
		D8DC8EC61F43A01500A8EC06 /* Project object */ = {
			isa = PBXProject;
			attributes = {
				LastUpgradeCheck = 0900;
				ORGANIZATIONNAME = "Randall Caliman";
				TargetAttributes = {
					D8DC8ECE1F43A01500A8EC06 = {
						CreatedOnToolsVersion = 9.0;
						LastSwiftMigration = 0900;
					};
				};
			};
			buildConfigurationList = D8DC8EC91F43A01500A8EC06 /* Build configuration list for PBXProject "AlamofireHelper" */;
			compatibilityVersion = "Xcode 8.0";
			developmentRegion = en;
			hasScannedForEncodings = 0;
			knownRegions = (
				en,
			);
			mainGroup = D8DC8EC51F43A01500A8EC06;
			productRefGroup = D8DC8ED01F43A01500A8EC06 /* Products */;
			projectDirPath = "";
			projectRoot = "";
			targets = (
				D8DC8ECE1F43A01500A8EC06 /* AlamofireHelper */,
			);
		};
/* End PBXProject section */

/* Begin PBXResourcesBuildPhase section */
		D8DC8ECD1F43A01500A8EC06 /* Resources */ = {
			isa = PBXResourcesBuildPhase;
			buildActionMask = 2147483647;
			files = (
			);
			runOnlyForDeploymentPostprocessing = 0;
		};
/* End PBXResourcesBuildPhase section */

/* Begin PBXSourcesBuildPhase section */
		D8DC8ECA1F43A01500A8EC06 /* Sources */ = {
			isa = PBXSourcesBuildPhase;
			buildActionMask = 2147483647;
			files = (
			);
			runOnlyForDeploymentPostprocessing = 0;
		};
/* End PBXSourcesBuildPhase section */

/* Begin XCBuildConfiguration section */
		D8DC8ED51F43A01500A8EC06 /* Debug */ = {
			isa = XCBuildConfiguration;
			buildSettings = {
				ALWAYS_SEARCH_USER_PATHS = NO;
				CLANG_ANALYZER_NONNULL = YES;
				CLANG_ANALYZER_NUMBER_OBJECT_CONVERSION = YES_AGGRESSIVE;
				CLANG_CXX_LANGUAGE_STANDARD = "gnu++14";
				CLANG_CXX_LIBRARY = "libc++";
				CLANG_ENABLE_MODULES = YES;
				CLANG_ENABLE_OBJC_ARC = YES;
				CLANG_WARN_BLOCK_CAPTURE_AUTORELEASING = YES;
				CLANG_WARN_BOOL_CONVERSION = YES;
				CLANG_WARN_COMMA = YES;
				CLANG_WARN_CONSTANT_CONVERSION = YES;
				CLANG_WARN_DIRECT_OBJC_ISA_USAGE = YES_ERROR;
				CLANG_WARN_DOCUMENTATION_COMMENTS = YES;
				CLANG_WARN_EMPTY_BODY = YES;
				CLANG_WARN_ENUM_CONVERSION = YES;
				CLANG_WARN_INFINITE_RECURSION = YES;
				CLANG_WARN_INT_CONVERSION = YES;
				CLANG_WARN_NON_LITERAL_NULL_CONVERSION = YES;
				CLANG_WARN_OBJC_LITERAL_CONVERSION = YES;
				CLANG_WARN_OBJC_ROOT_CLASS = YES_ERROR;
				CLANG_WARN_RANGE_LOOP_ANALYSIS = YES;
				CLANG_WARN_STRICT_PROTOTYPES = YES;
				CLANG_WARN_SUSPICIOUS_MOVE = YES;
				CLANG_WARN_UNGUARDED_AVAILABILITY = YES_AGGRESSIVE;
				CLANG_WARN_UNREACHABLE_CODE = YES;
				CLANG_WARN__DUPLICATE_METHOD_MATCH = YES;
				CODE_SIGN_IDENTITY = "iPhone Developer";
				COPY_PHASE_STRIP = NO;
				CURRENT_PROJECT_VERSION = 1;
				DEBUG_INFORMATION_FORMAT = dwarf;
				ENABLE_STRICT_OBJC_MSGSEND = YES;
				ENABLE_TESTABILITY = YES;
				GCC_C_LANGUAGE_STANDARD = gnu11;
				GCC_DYNAMIC_NO_PIC = NO;
				GCC_NO_COMMON_BLOCKS = YES;
				GCC_OPTIMIZATION_LEVEL = 0;
				GCC_PREPROCESSOR_DEFINITIONS = (
					"DEBUG=1",
					"$(inherited)",
				);
				GCC_WARN_64_TO_32_BIT_CONVERSION = YES;
				GCC_WARN_ABOUT_RETURN_TYPE = YES_ERROR;
				GCC_WARN_UNDECLARED_SELECTOR = YES;
				GCC_WARN_UNINITIALIZED_AUTOS = YES_AGGRESSIVE;
				GCC_WARN_UNUSED_FUNCTION = YES;
				GCC_WARN_UNUSED_VARIABLE = YES;
				IPHONEOS_DEPLOYMENT_TARGET = 8.0;
				MTL_ENABLE_DEBUG_INFO = YES;
				ONLY_ACTIVE_ARCH = YES;
				SDKROOT = iphoneos;
				SWIFT_ACTIVE_COMPILATION_CONDITIONS = DEBUG;
				SWIFT_OPTIMIZATION_LEVEL = "-Onone";
				VERSIONING_SYSTEM = "apple-generic";
				VERSION_INFO_PREFIX = "";
			};
			name = Debug;
		};
		D8DC8ED61F43A01500A8EC06 /* Release */ = {
			isa = XCBuildConfiguration;
			buildSettings = {
				ALWAYS_SEARCH_USER_PATHS = NO;
				CLANG_ANALYZER_NONNULL = YES;
				CLANG_ANALYZER_NUMBER_OBJECT_CONVERSION = YES_AGGRESSIVE;
				CLANG_CXX_LANGUAGE_STANDARD = "gnu++14";
				CLANG_CXX_LIBRARY = "libc++";
				CLANG_ENABLE_MODULES = YES;
				CLANG_ENABLE_OBJC_ARC = YES;
				CLANG_WARN_BLOCK_CAPTURE_AUTORELEASING = YES;
				CLANG_WARN_BOOL_CONVERSION = YES;
				CLANG_WARN_COMMA = YES;
				CLANG_WARN_CONSTANT_CONVERSION = YES;
				CLANG_WARN_DIRECT_OBJC_ISA_USAGE = YES_ERROR;
				CLANG_WARN_DOCUMENTATION_COMMENTS = YES;
				CLANG_WARN_EMPTY_BODY = YES;
				CLANG_WARN_ENUM_CONVERSION = YES;
				CLANG_WARN_INFINITE_RECURSION = YES;
				CLANG_WARN_INT_CONVERSION = YES;
				CLANG_WARN_NON_LITERAL_NULL_CONVERSION = YES;
				CLANG_WARN_OBJC_LITERAL_CONVERSION = YES;
				CLANG_WARN_OBJC_ROOT_CLASS = YES_ERROR;
				CLANG_WARN_RANGE_LOOP_ANALYSIS = YES;
				CLANG_WARN_STRICT_PROTOTYPES = YES;
				CLANG_WARN_SUSPICIOUS_MOVE = YES;
				CLANG_WARN_UNGUARDED_AVAILABILITY = YES_AGGRESSIVE;
				CLANG_WARN_UNREACHABLE_CODE = YES;
				CLANG_WARN__DUPLICATE_METHOD_MATCH = YES;
				CODE_SIGN_IDENTITY = "iPhone Developer";
				COPY_PHASE_STRIP = NO;
				CURRENT_PROJECT_VERSION = 1;
				DEBUG_INFORMATION_FORMAT = "dwarf-with-dsym";
				ENABLE_NS_ASSERTIONS = NO;
				ENABLE_STRICT_OBJC_MSGSEND = YES;
				GCC_C_LANGUAGE_STANDARD = gnu11;
				GCC_NO_COMMON_BLOCKS = YES;
				GCC_WARN_64_TO_32_BIT_CONVERSION = YES;
				GCC_WARN_ABOUT_RETURN_TYPE = YES_ERROR;
				GCC_WARN_UNDECLARED_SELECTOR = YES;
				GCC_WARN_UNINITIALIZED_AUTOS = YES_AGGRESSIVE;
				GCC_WARN_UNUSED_FUNCTION = YES;
				GCC_WARN_UNUSED_VARIABLE = YES;
				IPHONEOS_DEPLOYMENT_TARGET = 8.0;
				MTL_ENABLE_DEBUG_INFO = NO;
				SDKROOT = iphoneos;
				SWIFT_OPTIMIZATION_LEVEL = "-Owholemodule";
				VALIDATE_PRODUCT = YES;
				VERSIONING_SYSTEM = "apple-generic";
				VERSION_INFO_PREFIX = "";
			};
			name = Release;
		};
		D8DC8ED81F43A01500A8EC06 /* Debug */ = {
			isa = XCBuildConfiguration;
			buildSettings = {
				CLANG_ENABLE_MODULES = YES;
				CODE_SIGN_IDENTITY = "";
				DEFINES_MODULE = YES;
				DEVELOPMENT_TEAM = F866ZHAR49;
				DYLIB_COMPATIBILITY_VERSION = 1;
				DYLIB_CURRENT_VERSION = 1;
				DYLIB_INSTALL_NAME_BASE = "@rpath";
				INFOPLIST_FILE = AlamofireHelper/Info.plist;
				INSTALL_PATH = "$(LOCAL_LIBRARY_DIR)/Frameworks";
				LD_RUNPATH_SEARCH_PATHS = "$(inherited) @executable_path/Frameworks @loader_path/Frameworks";
				PRODUCT_BUNDLE_IDENTIFIER = self.edu.AlamofireHelper;
				PRODUCT_NAME = "$(TARGET_NAME:c99extidentifier)";
				SKIP_INSTALL = YES;
				SWIFT_OPTIMIZATION_LEVEL = "-Onone";
				SWIFT_VERSION = 3.0;
				TARGETED_DEVICE_FAMILY = "1,2";
			};
			name = Debug;
		};
		D8DC8ED91F43A01500A8EC06 /* Release */ = {
			isa = XCBuildConfiguration;
			buildSettings = {
				CLANG_ENABLE_MODULES = YES;
				CODE_SIGN_IDENTITY = "";
				DEFINES_MODULE = YES;
				DEVELOPMENT_TEAM = F866ZHAR49;
				DYLIB_COMPATIBILITY_VERSION = 1;
				DYLIB_CURRENT_VERSION = 1;
				DYLIB_INSTALL_NAME_BASE = "@rpath";
				INFOPLIST_FILE = AlamofireHelper/Info.plist;
				INSTALL_PATH = "$(LOCAL_LIBRARY_DIR)/Frameworks";
				LD_RUNPATH_SEARCH_PATHS = "$(inherited) @executable_path/Frameworks @loader_path/Frameworks";
				PRODUCT_BUNDLE_IDENTIFIER = self.edu.AlamofireHelper;
				PRODUCT_NAME = "$(TARGET_NAME:c99extidentifier)";
				SKIP_INSTALL = YES;
				SWIFT_VERSION = 3.0;
				TARGETED_DEVICE_FAMILY = "1,2";
			};
			name = Release;
		};
/* End XCBuildConfiguration section */

/* Begin XCConfigurationList section */
		D8DC8EC91F43A01500A8EC06 /* Build configuration list for PBXProject "AlamofireHelper" */ = {
			isa = XCConfigurationList;
			buildConfigurations = (
				D8DC8ED51F43A01500A8EC06 /* Debug */,
				D8DC8ED61F43A01500A8EC06 /* Release */,
			);
			defaultConfigurationIsVisible = 0;
			defaultConfigurationName = Release;
		};
		D8DC8ED71F43A01500A8EC06 /* Build configuration list for PBXNativeTarget "AlamofireHelper" */ = {
			isa = XCConfigurationList;
			buildConfigurations = (
				D8DC8ED81F43A01500A8EC06 /* Debug */,
				D8DC8ED91F43A01500A8EC06 /* Release */,
			);
			defaultConfigurationIsVisible = 0;
			defaultConfigurationName = Release;
		};
/* End XCConfigurationList section */
	};
	rootObject = D8DC8EC61F43A01500A8EC06 /* Project object */;
}
